
Microsoft Visual Studio Solution File, Format Version 12.00
# Visual Studio Version 17
VisualStudioVersion = 17.12.35410.144 d17.12
MinimumVisualStudioVersion = 10.0.40219.1
Project("{F2A71F9B-5D33-465A-A702-920D77279786}") = "FsImageToTic80.Tool", "FsImageToTic80.Tool.fsproj", "{BDEBAFEC-4646-4E2F-A842-D7EC78120983}"
EndProject
Global
	GlobalSection(SolutionConfigurationPlatforms) = preSolution
		Debug|Any CPU = Debug|Any CPU
		Release|Any CPU = Release|Any CPU
	EndGlobalSection
	GlobalSection(ProjectConfigurationPlatforms) = postSolution
		{BDEBAFEC-4646-4E2F-A842-D7EC78120983}.Debug|Any CPU.ActiveCfg = Debug|Any CPU
		{BDEBAFEC-4646-4E2F-A842-D7EC78120983}.Debug|Any CPU.Build.0 = Debug|Any CPU
		{BDEBAFEC-4646-4E2F-A842-D7EC78120983}.Release|Any CPU.ActiveCfg = Release|Any CPU
		{BDEBAFEC-4646-4E2F-A842-D7EC78120983}.Release|Any CPU.Build.0 = Release|Any CPU
	EndGlobalSection
	GlobalSection(SolutionProperties) = preSolution
		HideSolutionNode = FALSE
	EndGlobalSection
EndGlobal
