
Microsoft Visual Studio Solution File, Format Version 12.00
# Visual Studio Version 17
VisualStudioVersion = 17.12.35417.141 d17.12
MinimumVisualStudioVersion = 10.0.40219.1
Project("{F2A71F9B-5D33-465A-A702-920D77279786}") = "FsImageToTic80.Tool", "FsImageToTic80.Tool\FsImageToTic80.Tool.fsproj", "{B4A001A4-2173-4157-81E8-5E4C98050F7E}"
EndProject
Global
	GlobalSection(SolutionConfigurationPlatforms) = preSolution
		Debug|Any CPU = Debug|Any CPU
		Release|Any CPU = Release|Any CPU
	EndGlobalSection
	GlobalSection(ProjectConfigurationPlatforms) = postSolution
		{B4A001A4-2173-4157-81E8-5E4C98050F7E}.Debug|Any CPU.ActiveCfg = Debug|Any CPU
		{B4A001A4-2173-4157-81E8-5E4C98050F7E}.Debug|Any CPU.Build.0 = Debug|Any CPU
		{B4A001A4-2173-4157-81E8-5E4C98050F7E}.Release|Any CPU.ActiveCfg = Release|Any CPU
		{B4A001A4-2173-4157-81E8-5E4C98050F7E}.Release|Any CPU.Build.0 = Release|Any CPU
	EndGlobalSection
	GlobalSection(SolutionProperties) = preSolution
		HideSolutionNode = FALSE
	EndGlobalSection
EndGlobal
